
Microsoft Visual Studio Solution File, Format Version 12.00
# Visual Studio Version 17
VisualStudioVersion = 17.3.32901.215
MinimumVisualStudioVersion = 10.0.40219.1
Project("{9A19103F-16F7-4668-BE54-9A1E7A4F7556}") = "Firstproject", "Firstproject\Firstproject.csproj", "{C6CBDD6A-AA7F-46B7-B48D-2EFF42E7A4AC}"
EndProject
Project("{9A19103F-16F7-4668-BE54-9A1E7A4F7556}") = "Varlables", "Varlables\Varlables.csproj", "{79BC57E1-E610-4FB7-8572-DCFEFC04BBD9}"
EndProject
Project("{9A19103F-16F7-4668-BE54-9A1E7A4F7556}") = "Methods", "Methods\Methods.csproj", "{C9805EAD-9C39-4C2A-968D-7D80B2C45657}"
EndProject
Project("{9A19103F-16F7-4668-BE54-9A1E7A4F7556}") = "ClassObjectinstance", "ClassObjectinstance\ClassObjectinstance.csproj", "{E3439A22-17CD-464F-9775-E5AACB855AB1}"
EndProject
Project("{9A19103F-16F7-4668-BE54-9A1E7A4F7556}") = "Example01_ClassObjectectlnstance", "Example01_ClassObjectectlnstance\Example01_ClassObjectectlnstance.csproj", "{451EE69D-6EC9-4828-9E13-55E9D2E204EF}"
EndProject
Project("{9A19103F-16F7-4668-BE54-9A1E7A4F7556}") = "Statment_if", "Statment_if\Statment_if.csproj", "{810EF632-5AE7-4167-8267-273A7ED2CC40}"
EndProject
Project("{9A19103F-16F7-4668-BE54-9A1E7A4F7556}") = "Statment_Switchcase_And_Enum", "Statment_Switchcase_And_Enum\Statment_Switchcase_And_Enum.csproj", "{0D58AA76-8000-4F24-AF8A-028B8FE495FF}"
EndProject
Project("{9A19103F-16F7-4668-BE54-9A1E7A4F7556}") = "Operators", "Operators\Operators.csproj", "{94B5DDF3-5AE6-4E20-9474-BC6827C89A85}"
EndProject
Project("{9A19103F-16F7-4668-BE54-9A1E7A4F7556}") = "Aray", "Aray\Aray.csproj", "{CDC23439-7986-426A-A967-D92FAE18C9AF}"
EndProject
Project("{2150E333-8FDC-42A3-9474-1A3956D46DE8}") = "Solution Items", "Solution Items", "{7FF55AD8-C79E-4ED3-A6B5-83FF85153C30}"
EndProject
Project("{9A19103F-16F7-4668-BE54-9A1E7A4F7556}") = "Statment_Loop", "Statment_Loop\Statment_Loop.csproj", "{0358E2EC-AD54-41E8-8124-32FB239D81E2}"
EndProject
Project("{9A19103F-16F7-4668-BE54-9A1E7A4F7556}") = "Exemple02_Aray2D", "Exemple02_Aray2D\Exemple02_Aray2D.csproj", "{A9C18F7D-31F4-470A-8ED2-2A6DAD8914CD}"
EndProject
Project("{FAE04EC0-301F-11D3-BF4B-00C04F79EFBC}") = "Structure", "Stucture\Structure.csproj", "{34C2E66C-28CA-4357-A35D-9E638E2A8CFE}"
EndProject
Global
	GlobalSection(SolutionConfigurationPlatforms) = preSolution
		Debug|Any CPU = Debug|Any CPU
		Release|Any CPU = Release|Any CPU
	EndGlobalSection
	GlobalSection(ProjectConfigurationPlatforms) = postSolution
		{C6CBDD6A-AA7F-46B7-B48D-2EFF42E7A4AC}.Debug|Any CPU.ActiveCfg = Debug|Any CPU
		{C6CBDD6A-AA7F-46B7-B48D-2EFF42E7A4AC}.Debug|Any CPU.Build.0 = Debug|Any CPU
		{C6CBDD6A-AA7F-46B7-B48D-2EFF42E7A4AC}.Release|Any CPU.ActiveCfg = Release|Any CPU
		{C6CBDD6A-AA7F-46B7-B48D-2EFF42E7A4AC}.Release|Any CPU.Build.0 = Release|Any CPU
		{79BC57E1-E610-4FB7-8572-DCFEFC04BBD9}.Debug|Any CPU.ActiveCfg = Debug|Any CPU
		{79BC57E1-E610-4FB7-8572-DCFEFC04BBD9}.Debug|Any CPU.Build.0 = Debug|Any CPU
		{79BC57E1-E610-4FB7-8572-DCFEFC04BBD9}.Release|Any CPU.ActiveCfg = Release|Any CPU
		{79BC57E1-E610-4FB7-8572-DCFEFC04BBD9}.Release|Any CPU.Build.0 = Release|Any CPU
		{C9805EAD-9C39-4C2A-968D-7D80B2C45657}.Debug|Any CPU.ActiveCfg = Debug|Any CPU
		{C9805EAD-9C39-4C2A-968D-7D80B2C45657}.Debug|Any CPU.Build.0 = Debug|Any CPU
		{C9805EAD-9C39-4C2A-968D-7D80B2C45657}.Release|Any CPU.ActiveCfg = Release|Any CPU
		{C9805EAD-9C39-4C2A-968D-7D80B2C45657}.Release|Any CPU.Build.0 = Release|Any CPU
		{E3439A22-17CD-464F-9775-E5AACB855AB1}.Debug|Any CPU.ActiveCfg = Debug|Any CPU
		{E3439A22-17CD-464F-9775-E5AACB855AB1}.Debug|Any CPU.Build.0 = Debug|Any CPU
		{E3439A22-17CD-464F-9775-E5AACB855AB1}.Release|Any CPU.ActiveCfg = Release|Any CPU
		{E3439A22-17CD-464F-9775-E5AACB855AB1}.Release|Any CPU.Build.0 = Release|Any CPU
		{451EE69D-6EC9-4828-9E13-55E9D2E204EF}.Debug|Any CPU.ActiveCfg = Debug|Any CPU
		{451EE69D-6EC9-4828-9E13-55E9D2E204EF}.Debug|Any CPU.Build.0 = Debug|Any CPU
		{451EE69D-6EC9-4828-9E13-55E9D2E204EF}.Release|Any CPU.ActiveCfg = Release|Any CPU
		{451EE69D-6EC9-4828-9E13-55E9D2E204EF}.Release|Any CPU.Build.0 = Release|Any CPU
		{810EF632-5AE7-4167-8267-273A7ED2CC40}.Debug|Any CPU.ActiveCfg = Debug|Any CPU
		{810EF632-5AE7-4167-8267-273A7ED2CC40}.Debug|Any CPU.Build.0 = Debug|Any CPU
		{810EF632-5AE7-4167-8267-273A7ED2CC40}.Release|Any CPU.ActiveCfg = Release|Any CPU
		{810EF632-5AE7-4167-8267-273A7ED2CC40}.Release|Any CPU.Build.0 = Release|Any CPU
		{0D58AA76-8000-4F24-AF8A-028B8FE495FF}.Debug|Any CPU.ActiveCfg = Debug|Any CPU
		{0D58AA76-8000-4F24-AF8A-028B8FE495FF}.Debug|Any CPU.Build.0 = Debug|Any CPU
		{0D58AA76-8000-4F24-AF8A-028B8FE495FF}.Release|Any CPU.ActiveCfg = Release|Any CPU
		{0D58AA76-8000-4F24-AF8A-028B8FE495FF}.Release|Any CPU.Build.0 = Release|Any CPU
		{94B5DDF3-5AE6-4E20-9474-BC6827C89A85}.Debug|Any CPU.ActiveCfg = Debug|Any CPU
		{94B5DDF3-5AE6-4E20-9474-BC6827C89A85}.Debug|Any CPU.Build.0 = Debug|Any CPU
		{94B5DDF3-5AE6-4E20-9474-BC6827C89A85}.Release|Any CPU.ActiveCfg = Release|Any CPU
		{94B5DDF3-5AE6-4E20-9474-BC6827C89A85}.Release|Any CPU.Build.0 = Release|Any CPU
		{CDC23439-7986-426A-A967-D92FAE18C9AF}.Debug|Any CPU.ActiveCfg = Debug|Any CPU
		{CDC23439-7986-426A-A967-D92FAE18C9AF}.Debug|Any CPU.Build.0 = Debug|Any CPU
		{CDC23439-7986-426A-A967-D92FAE18C9AF}.Release|Any CPU.ActiveCfg = Release|Any CPU
		{CDC23439-7986-426A-A967-D92FAE18C9AF}.Release|Any CPU.Build.0 = Release|Any CPU
		{0358E2EC-AD54-41E8-8124-32FB239D81E2}.Debug|Any CPU.ActiveCfg = Debug|Any CPU
		{0358E2EC-AD54-41E8-8124-32FB239D81E2}.Debug|Any CPU.Build.0 = Debug|Any CPU
		{0358E2EC-AD54-41E8-8124-32FB239D81E2}.Release|Any CPU.ActiveCfg = Release|Any CPU
		{0358E2EC-AD54-41E8-8124-32FB239D81E2}.Release|Any CPU.Build.0 = Release|Any CPU
		{A9C18F7D-31F4-470A-8ED2-2A6DAD8914CD}.Debug|Any CPU.ActiveCfg = Debug|Any CPU
		{A9C18F7D-31F4-470A-8ED2-2A6DAD8914CD}.Debug|Any CPU.Build.0 = Debug|Any CPU
		{A9C18F7D-31F4-470A-8ED2-2A6DAD8914CD}.Release|Any CPU.ActiveCfg = Release|Any CPU
		{A9C18F7D-31F4-470A-8ED2-2A6DAD8914CD}.Release|Any CPU.Build.0 = Release|Any CPU
		{34C2E66C-28CA-4357-A35D-9E638E2A8CFE}.Debug|Any CPU.ActiveCfg = Debug|Any CPU
		{34C2E66C-28CA-4357-A35D-9E638E2A8CFE}.Debug|Any CPU.Build.0 = Debug|Any CPU
		{34C2E66C-28CA-4357-A35D-9E638E2A8CFE}.Release|Any CPU.ActiveCfg = Release|Any CPU
		{34C2E66C-28CA-4357-A35D-9E638E2A8CFE}.Release|Any CPU.Build.0 = Release|Any CPU
	EndGlobalSection
	GlobalSection(SolutionProperties) = preSolution
		HideSolutionNode = FALSE
	EndGlobalSection
	GlobalSection(ExtensibilityGlobals) = postSolution
		SolutionGuid = {656CEB78-9B08-4D1A-9C45-9ABB4478DBCD}
	EndGlobalSection
EndGlobal
